{
  "name": "vite-project",
  "version": "0.0.0",
  "lockfileVersion": 2,
  "requires": true,
  "packages": {
    "": {
      "name": "vite-project",
      "version": "0.0.0",
      "dependencies": {
        "vue": "^3.2.37"
      },
      "devDependencies": {
        "@vitejs/plugin-vue": "^3.0.0",
        "typescript": "^4.6.4",
        "vite": "^3.0.0",
        "vue-tsc": "^0.38.4"
      }
    },
    "node_modules/@babel/parser": {
      "version": "7.18.8",
      "resolved": "https://artifactory.grammarly.io/artifactory/api/npm/common-npm/@babel/parser/-/parser-7.18.8.tgz",
      "integrity": "sha1-giFGCArJxi2sCCO7NIliLgvBy98=",
      "license": "MIT",
      "bin": {
        "parser": "bin/babel-parser.js"
      },
      "engines": {
        "node": ">=6.0.0"
      }
    },
    "node_modules/@vitejs/plugin-vue": {
      "version": "3.0.0",
      "resolved": "https://artifactory.grammarly.io/artifactory/api/npm/common-npm/@vitejs/plugin-vue/-/plugin-vue-3.0.0.tgz",
      "integrity": "sha1-cIHis/vgTikbuFEHuftXofpeaus=",
      "dev": true,
      "license": "MIT",
      "engines": {
        "node": ">=14.18.0"
      },
      "peerDependencies": {
        "vite": "^3.0.0",
        "vue": "^3.2.25"
      }
    },
    "node_modules/@volar/code-gen": {
      "version": "0.38.5",
      "resolved": "https://artifactory.grammarly.io/artifactory/api/npm/common-npm/@volar/code-gen/-/code-gen-0.38.5.tgz",
      "integrity": "sha1-7vMvK06+z2R/oL+MJOKO4komu/M=",
      "dev": true,
      "license": "MIT",
      "dependencies": {
        "@volar/source-map": "0.38.5"
      }
    },
    "node_modules/@volar/source-map": {
      "version": "0.38.5",
      "resolved": "https://artifactory.grammarly.io/artifactory/api/npm/common-npm/@volar/source-map/-/source-map-0.38.5.tgz",
      "integrity": "sha1-w8eyFU3I2UDmmBg6mVIw2c2fF2A=",
      "dev": true,
      "license": "MIT"
    },
    "node_modules/@volar/vue-code-gen": {
      "version": "0.38.5",
      "resolved": "https://artifactory.grammarly.io/artifactory/api/npm/common-npm/@volar/vue-code-gen/-/vue-code-gen-0.38.5.tgz",
      "integrity": "sha1-VwBMzIYD6HYzH3Dr9kPKBA4zZyo=",
      "dev": true,
      "license": "MIT",
      "dependencies": {
        "@volar/code-gen": "0.38.5",
        "@volar/source-map": "0.38.5",
        "@vue/compiler-core": "^3.2.37",
        "@vue/compiler-dom": "^3.2.37",
        "@vue/shared": "^3.2.37"
      }
    },
    "node_modules/@volar/vue-typescript": {
      "version": "0.38.5",
      "resolved": "https://artifactory.grammarly.io/artifactory/api/npm/common-npm/@volar/vue-typescript/-/vue-typescript-0.38.5.tgz",
      "integrity": "sha1-1SvKvwL9o9ytRRwyMggWPrSVzUY=",
      "dev": true,
      "license": "MIT",
      "dependencies": {
        "@volar/code-gen": "0.38.5",
        "@volar/source-map": "0.38.5",
        "@volar/vue-code-gen": "0.38.5",
        "@vue/compiler-sfc": "^3.2.37",
        "@vue/reactivity": "^3.2.37"
      }
    },
    "node_modules/@vue/compiler-core": {
      "version": "3.2.37",
      "resolved": "https://artifactory.grammarly.io/artifactory/api/npm/common-npm/@vue/compiler-core/-/compiler-core-3.2.37.tgz",
      "integrity": "sha1-s8QuBMDg8sSW/xeE5UP77+keIVo=",
      "license": "MIT",
      "dependencies": {
        "@babel/parser": "^7.16.4",
        "@vue/shared": "3.2.37",
        "estree-walker": "^2.0.2",
        "source-map": "^0.6.1"
      }
    },
    "node_modules/@vue/compiler-dom": {
      "version": "3.2.37",
      "resolved": "https://artifactory.grammarly.io/artifactory/api/npm/common-npm/@vue/compiler-dom/-/compiler-dom-3.2.37.tgz",
      "integrity": "sha1-ENJCeniefHB8hy2p1njIKgxlgrU=",
      "license": "MIT",
      "dependencies": {
        "@vue/compiler-core": "3.2.37",
        "@vue/shared": "3.2.37"
      }
    },
    "node_modules/@vue/compiler-sfc": {
      "version": "3.2.37",
      "resolved": "https://artifactory.grammarly.io/artifactory/api/npm/common-npm/@vue/compiler-sfc/-/compiler-sfc-3.2.37.tgz",
      "integrity": "sha1-MQOvPaL0AobtzYXqSV3LNbx/X/Q=",
      "license": "MIT",
      "dependencies": {
        "@babel/parser": "^7.16.4",
        "@vue/compiler-core": "3.2.37",
        "@vue/compiler-dom": "3.2.37",
        "@vue/compiler-ssr": "3.2.37",
        "@vue/reactivity-transform": "3.2.37",
        "@vue/shared": "3.2.37",
        "estree-walker": "^2.0.2",
        "magic-string": "^0.25.7",
        "postcss": "^8.1.10",
        "source-map": "^0.6.1"
      }
    },
    "node_modules/@vue/compiler-ssr": {
      "version": "3.2.37",
      "resolved": "https://artifactory.grammarly.io/artifactory/api/npm/common-npm/@vue/compiler-ssr/-/compiler-ssr-3.2.37.tgz",
      "integrity": "sha1-SJnRnzpfr9YVJKnRrujrBQUxPP8=",
      "license": "MIT",
      "dependencies": {
        "@vue/compiler-dom": "3.2.37",
        "@vue/shared": "3.2.37"
      }
    },
    "node_modules/@vue/reactivity": {
      "version": "3.2.37",
      "resolved": "https://artifactory.grammarly.io/artifactory/api/npm/common-npm/@vue/reactivity/-/reactivity-3.2.37.tgz",
      "integrity": "sha1-W8OEesWIKOK3hSbgghngoQifiEg=",
      "license": "MIT",
      "dependencies": {
        "@vue/shared": "3.2.37"
      }
    },
    "node_modules/@vue/reactivity-transform": {
      "version": "3.2.37",
      "resolved": "https://artifactory.grammarly.io/artifactory/api/npm/common-npm/@vue/reactivity-transform/-/reactivity-transform-3.2.37.tgz",
      "integrity": "sha1-DKpHxDRN9K5Z9aBd3iqHWIKfjso=",
      "license": "MIT",
      "dependencies": {
        "@babel/parser": "^7.16.4",
        "@vue/compiler-core": "3.2.37",
        "@vue/shared": "3.2.37",
        "estree-walker": "^2.0.2",
        "magic-string": "^0.25.7"
      }
    },
    "node_modules/@vue/runtime-core": {
      "version": "3.2.37",
      "resolved": "https://artifactory.grammarly.io/artifactory/api/npm/common-npm/@vue/runtime-core/-/runtime-core-3.2.37.tgz",
      "integrity": "sha1-e6fFS7VuXXDt/C8Fdm4cqFGZZuM=",
      "license": "MIT",
      "dependencies": {
        "@vue/reactivity": "3.2.37",
        "@vue/shared": "3.2.37"
      }
    },
    "node_modules/@vue/runtime-dom": {
      "version": "3.2.37",
      "resolved": "https://artifactory.grammarly.io/artifactory/api/npm/common-npm/@vue/runtime-dom/-/runtime-dom-3.2.37.tgz",
      "integrity": "sha1-ACvcgij6Y5STF3Vvseks3T+fS70=",
      "license": "MIT",
      "dependencies": {
        "@vue/runtime-core": "3.2.37",
        "@vue/shared": "3.2.37",
        "csstype": "^2.6.8"
      }
    },
    "node_modules/@vue/server-renderer": {
      "version": "3.2.37",
      "resolved": "https://artifactory.grammarly.io/artifactory/api/npm/common-npm/@vue/server-renderer/-/server-renderer-3.2.37.tgz",
      "integrity": "sha1-hAopyNzCm93ZtfX/oiuVwOcq/fw=",
      "license": "MIT",
      "dependencies": {
        "@vue/compiler-ssr": "3.2.37",
        "@vue/shared": "3.2.37"
      },
      "peerDependencies": {
        "vue": "3.2.37"
      }
    },
    "node_modules/@vue/shared": {
      "version": "3.2.37",
      "resolved": "https://artifactory.grammarly.io/artifactory/api/npm/common-npm/@vue/shared/-/shared-3.2.37.tgz",
      "integrity": "sha1-jmrcPydZr1Lw6Fhj37C3EezFxwI=",
      "license": "MIT"
    },
    "node_modules/csstype": {
      "version": "2.6.20",
      "resolved": "https://artifactory.grammarly.io/artifactory/api/npm/common-npm/csstype/-/csstype-2.6.20.tgz",
      "integrity": "sha1-kinGXqCyYM9NPZl8sGKI42qNbdo=",
      "license": "MIT"
    },
    "node_modules/esbuild": {
      "version": "0.14.49",
      "resolved": "https://artifactory.grammarly.io/artifactory/api/npm/common-npm/esbuild/-/esbuild-0.14.49.tgz",
      "integrity": "sha1-uCg0dg66LdwXtE8Fz8wKrKK65JI=",
      "dev": true,
      "hasInstallScript": true,
      "license": "MIT",
      "bin": {
        "esbuild": "bin/esbuild"
      },
      "engines": {
        "node": ">=12"
      },
      "optionalDependencies": {
        "esbuild-android-64": "0.14.49",
        "esbuild-android-arm64": "0.14.49",
        "esbuild-darwin-64": "0.14.49",
        "esbuild-darwin-arm64": "0.14.49",
        "esbuild-freebsd-64": "0.14.49",
        "esbuild-freebsd-arm64": "0.14.49",
        "esbuild-linux-32": "0.14.49",
        "esbuild-linux-64": "0.14.49",
        "esbuild-linux-arm": "0.14.49",
        "esbuild-linux-arm64": "0.14.49",
        "esbuild-linux-mips64le": "0.14.49",
        "esbuild-linux-ppc64le": "0.14.49",
        "esbuild-linux-riscv64": "0.14.49",
        "esbuild-linux-s390x": "0.14.49",
        "esbuild-netbsd-64": "0.14.49",
        "esbuild-openbsd-64": "0.14.49",
        "esbuild-sunos-64": "0.14.49",
        "esbuild-windows-32": "0.14.49",
        "esbuild-windows-64": "0.14.49",
        "esbuild-windows-arm64": "0.14.49"
      }
    },
    "node_modules/esbuild-android-64": {
      "version": "0.14.49",
      "resolved": "https://artifactory.grammarly.io/artifactory/api/npm/common-npm/esbuild-android-64/-/esbuild-android-64-0.14.49.tgz",
      "integrity": "sha1-nkaCw23Pbntxtz0qNyOpbg/cUFQ=",
      "cpu": [
        "x64"
      ],
      "dev": true,
      "license": "MIT",
      "optional": true,
      "os": [
        "android"
      ],
      "engines": {
        "node": ">=12"
      }
    },
    "node_modules/esbuild-android-arm64": {
      "version": "0.14.49",
      "resolved": "https://artifactory.grammarly.io/artifactory/api/npm/common-npm/esbuild-android-arm64/-/esbuild-android-arm64-0.14.49.tgz",
      "integrity": "sha1-mGGx9+V9HdHyPu72GYVhxfNLUfY=",
      "cpu": [
        "arm64"
      ],
      "dev": true,
      "license": "MIT",
      "optional": true,
      "os": [
        "android"
      ],
      "engines": {
        "node": ">=12"
      }
    },
    "node_modules/esbuild-darwin-64": {
      "version": "0.14.49",
      "resolved": "https://artifactory.grammarly.io/artifactory/api/npm/common-npm/esbuild-darwin-64/-/esbuild-darwin-64-0.14.49.tgz",
      "integrity": "sha1-/TCl6+KHBKOhFxJsYPmAlsBnyNE=",
      "cpu": [
        "x64"
      ],
      "dev": true,
      "license": "MIT",
      "optional": true,
      "os": [
        "darwin"
      ],
      "engines": {
        "node": ">=12"
      }
    },
    "node_modules/esbuild-darwin-arm64": {
      "version": "0.14.49",
      "resolved": "https://artifactory.grammarly.io/artifactory/api/npm/common-npm/esbuild-darwin-arm64/-/esbuild-darwin-arm64-0.14.49.tgz",
      "integrity": "sha1-wEo6V9rZSpcsZqaXpoolqiWUf0E=",
      "cpu": [
        "arm64"
      ],
      "dev": true,
      "license": "MIT",
      "optional": true,
      "os": [
        "darwin"
      ],
      "engines": {
        "node": ">=12"
      }
    },
    "node_modules/esbuild-freebsd-64": {
      "version": "0.14.49",
      "resolved": "https://artifactory.grammarly.io/artifactory/api/npm/common-npm/esbuild-freebsd-64/-/esbuild-freebsd-64-0.14.49.tgz",
      "integrity": "sha1-xATb1myYRROVse7w+ji3MDCnvoI=",
      "cpu": [
        "x64"
      ],
      "dev": true,
      "license": "MIT",
      "optional": true,
      "os": [
        "freebsd"
      ],
      "engines": {
        "node": ">=12"
      }
    },
    "node_modules/esbuild-freebsd-arm64": {
      "version": "0.14.49",
      "resolved": "https://artifactory.grammarly.io/artifactory/api/npm/common-npm/esbuild-freebsd-arm64/-/esbuild-freebsd-arm64-0.14.49.tgz",
      "integrity": "sha1-tizslhOOvFk3JAzj4bl5ApY+p0o=",
      "cpu": [
        "arm64"
      ],
      "dev": true,
      "license": "MIT",
      "optional": true,
      "os": [
        "freebsd"
      ],
      "engines": {
        "node": ">=12"
      }
    },
    "node_modules/esbuild-linux-32": {
      "version": "0.14.49",
      "resolved": "https://artifactory.grammarly.io/artifactory/api/npm/common-npm/esbuild-linux-32/-/esbuild-linux-32-0.14.49.tgz",
      "integrity": "sha1-SVscwBG4xk2LuvZVCcHnE1653b8=",
      "cpu": [
        "ia32"
      ],
      "dev": true,
      "license": "MIT",
      "optional": true,
      "os": [
        "linux"
      ],
      "engines": {
        "node": ">=12"
      }
    },
    "node_modules/esbuild-linux-64": {
      "version": "0.14.49",
      "resolved": "https://artifactory.grammarly.io/artifactory/api/npm/common-npm/esbuild-linux-64/-/esbuild-linux-64-0.14.49.tgz",
      "integrity": "sha1-Pyjdj5hub/QvOIiO5DWpsfuRalY=",
      "cpu": [
        "x64"
      ],
      "dev": true,
      "license": "MIT",
      "optional": true,
      "os": [
        "linux"
      ],
      "engines": {
        "node": ">=12"
      }
    },
    "node_modules/esbuild-linux-arm": {
      "version": "0.14.49",
      "resolved": "https://artifactory.grammarly.io/artifactory/api/npm/common-npm/esbuild-linux-arm/-/esbuild-linux-arm-0.14.49.tgz",
      "integrity": "sha1-fDPQWmTsVAz3R0g0rapXsxZ7vpc=",
      "cpu": [
        "arm"
      ],
      "dev": true,
      "license": "MIT",
      "optional": true,
      "os": [
        "linux"
      ],
      "engines": {
        "node": ">=12"
      }
    },
    "node_modules/esbuild-linux-arm64": {
      "version": "0.14.49",
      "resolved": "https://artifactory.grammarly.io/artifactory/api/npm/common-npm/esbuild-linux-arm64/-/esbuild-linux-arm64-0.14.49.tgz",
      "integrity": "sha1-pS6ZrjAkZWbcXzPoNapsqY73DjM=",
      "cpu": [
        "arm64"
      ],
      "dev": true,
      "license": "MIT",
      "optional": true,
      "os": [
        "linux"
      ],
      "engines": {
        "node": ">=12"
      }
    },
    "node_modules/esbuild-linux-mips64le": {
      "version": "0.14.49",
      "resolved": "https://artifactory.grammarly.io/artifactory/api/npm/common-npm/esbuild-linux-mips64le/-/esbuild-linux-mips64le-0.14.49.tgz",
      "integrity": "sha1-7QYr2ES1h75klEODHrhLowRoXyU=",
      "cpu": [
        "mips64el"
      ],
      "dev": true,
      "license": "MIT",
      "optional": true,
      "os": [
        "linux"
      ],
      "engines": {
        "node": ">=12"
      }
    },
    "node_modules/esbuild-linux-ppc64le": {
      "version": "0.14.49",
      "resolved": "https://artifactory.grammarly.io/artifactory/api/npm/common-npm/esbuild-linux-ppc64le/-/esbuild-linux-ppc64le-0.14.49.tgz",
      "integrity": "sha1-wHhvtb3f/ZDBCiB4GBUTy68HeVg=",
      "cpu": [
        "ppc64"
      ],
      "dev": true,
      "license": "MIT",
      "optional": true,
      "os": [
        "linux"
      ],
      "engines": {
        "node": ">=12"
      }
    },
    "node_modules/esbuild-linux-riscv64": {
      "version": "0.14.49",
      "resolved": "https://artifactory.grammarly.io/artifactory/api/npm/common-npm/esbuild-linux-riscv64/-/esbuild-linux-riscv64-0.14.49.tgz",
      "integrity": "sha1-V5sOfMb85L/GmOmRpSUDu2Fr7Ek=",
      "cpu": [
        "riscv64"
      ],
      "dev": true,
      "license": "MIT",
      "optional": true,
      "os": [
        "linux"
      ],
      "engines": {
        "node": ">=12"
      }
    },
    "node_modules/esbuild-linux-s390x": {
      "version": "0.14.49",
      "resolved": "https://artifactory.grammarly.io/artifactory/api/npm/common-npm/esbuild-linux-s390x/-/esbuild-linux-s390x-0.14.49.tgz",
      "integrity": "sha1-CesVx1PiSaUAtOKNB8Xu91JKl0A=",
      "cpu": [
        "s390x"
      ],
      "dev": true,
      "license": "MIT",
      "optional": true,
      "os": [
        "linux"
      ],
      "engines": {
        "node": ">=12"
      }
    },
    "node_modules/esbuild-netbsd-64": {
      "version": "0.14.49",
      "resolved": "https://artifactory.grammarly.io/artifactory/api/npm/common-npm/esbuild-netbsd-64/-/esbuild-netbsd-64-0.14.49.tgz",
      "integrity": "sha1-9zN80r3bfMnRANGRVvNsnKEXtY0=",
      "cpu": [
        "x64"
      ],
      "dev": true,
      "license": "MIT",
      "optional": true,
      "os": [
        "netbsd"
      ],
      "engines": {
        "node": ">=12"
      }
    },
    "node_modules/esbuild-openbsd-64": {
      "version": "0.14.49",
      "resolved": "https://artifactory.grammarly.io/artifactory/api/npm/common-npm/esbuild-openbsd-64/-/esbuild-openbsd-64-0.14.49.tgz",
      "integrity": "sha1-H4vcSfikQ5bnOVCj+2s5goVjYx0=",
      "cpu": [
        "x64"
      ],
      "dev": true,
      "license": "MIT",
      "optional": true,
      "os": [
        "openbsd"
      ],
      "engines": {
        "node": ">=12"
      }
    },
    "node_modules/esbuild-sunos-64": {
      "version": "0.14.49",
      "resolved": "https://artifactory.grammarly.io/artifactory/api/npm/common-npm/esbuild-sunos-64/-/esbuild-sunos-64-0.14.49.tgz",
      "integrity": "sha1-R9BCc5NlthqoymQq22lTSo7vn3o=",
      "cpu": [
        "x64"
      ],
      "dev": true,
      "license": "MIT",
      "optional": true,
      "os": [
        "sunos"
      ],
      "engines": {
        "node": ">=12"
      }
    },
    "node_modules/esbuild-windows-32": {
      "version": "0.14.49",
      "resolved": "https://artifactory.grammarly.io/artifactory/api/npm/common-npm/esbuild-windows-32/-/esbuild-windows-32-0.14.49.tgz",
      "integrity": "sha1-eRmMiOyb3hY8GKa0MMNOqwmOwho=",
      "cpu": [
        "ia32"
      ],
      "dev": true,
      "license": "MIT",
      "optional": true,
      "os": [
        "win32"
      ],
      "engines": {
        "node": ">=12"
      }
    },
    "node_modules/esbuild-windows-64": {
      "version": "0.14.49",
      "resolved": "https://artifactory.grammarly.io/artifactory/api/npm/common-npm/esbuild-windows-64/-/esbuild-windows-64-0.14.49.tgz",
      "integrity": "sha1-s2sjDRjR7lQAjgiBTEeZx4BujHk=",
      "cpu": [
        "x64"
      ],
      "dev": true,
      "license": "MIT",
      "optional": true,
      "os": [
        "win32"
      ],
      "engines": {
        "node": ">=12"
      }
    },
    "node_modules/esbuild-windows-arm64": {
      "version": "0.14.49",
      "resolved": "https://artifactory.grammarly.io/artifactory/api/npm/common-npm/esbuild-windows-arm64/-/esbuild-windows-arm64-0.14.49.tgz",
      "integrity": "sha1-2DwD/2Q2yvMmI0fPp+FrCoBJ+uc=",
      "cpu": [
        "arm64"
      ],
      "dev": true,
      "license": "MIT",
      "optional": true,
      "os": [
        "win32"
      ],
      "engines": {
        "node": ">=12"
      }
    },
    "node_modules/estree-walker": {
      "version": "2.0.2",
      "resolved": "https://artifactory.grammarly.io/artifactory/api/npm/common-npm/estree-walker/-/estree-walker-2.0.2.tgz",
      "integrity": "sha1-UvAQF4wqTBF6d1fP6UKtt9LaTKw=",
      "license": "MIT"
    },
    "node_modules/fsevents": {
      "version": "2.3.2",
      "resolved": "https://artifactory.grammarly.io/artifactory/api/npm/common-npm/fsevents/-/fsevents-2.3.2.tgz",
      "integrity": "sha1-ilJveLj99GI7cJ4Ll1xSwkwC/Ro=",
      "dev": true,
      "hasInstallScript": true,
      "license": "MIT",
      "optional": true,
      "os": [
        "darwin"
      ],
      "engines": {
        "node": "^8.16.0 || ^10.6.0 || >=11.0.0"
      }
    },
    "node_modules/function-bind": {
      "version": "1.1.1",
      "resolved": "https://artifactory.grammarly.io/artifactory/api/npm/common-npm/function-bind/-/function-bind-1.1.1.tgz",
      "integrity": "sha1-pWiZ0+o8m6uHS7l3O3xe3pL0iV0=",
      "dev": true,
      "license": "MIT"
    },
    "node_modules/has": {
      "version": "1.0.3",
      "resolved": "https://artifactory.grammarly.io/artifactory/api/npm/common-npm/has/-/has-1.0.3.tgz",
      "integrity": "sha1-ci18v8H2qoJB8W3YFOAR4fQeh5Y=",
      "dev": true,
      "license": "MIT",
      "dependencies": {
        "function-bind": "^1.1.1"
      },
      "engines": {
        "node": ">= 0.4.0"
      }
    },
    "node_modules/is-core-module": {
      "version": "2.9.0",
      "resolved": "https://artifactory.grammarly.io/artifactory/api/npm/common-npm/is-core-module/-/is-core-module-2.9.0.tgz",
      "integrity": "sha1-4cNEKc1Rxt2eCeB5njluJ7GanGk=",
      "dev": true,
      "license": "MIT",
      "dependencies": {
        "has": "^1.0.3"
      },
      "funding": {
        "url": "https://github.com/sponsors/ljharb"
      }
    },
    "node_modules/magic-string": {
      "version": "0.25.9",
      "resolved": "https://artifactory.grammarly.io/artifactory/api/npm/common-npm/magic-string/-/magic-string-0.25.9.tgz",
      "integrity": "sha1-3n+fr5HvihyR0CwuUxTIJ3283Rw=",
      "license": "MIT",
      "dependencies": {
        "sourcemap-codec": "^1.4.8"
      }
    },
    "node_modules/nanoid": {
      "version": "3.3.4",
      "resolved": "https://artifactory.grammarly.io/artifactory/api/npm/common-npm/nanoid/-/nanoid-3.3.4.tgz",
      "integrity": "sha1-cwtn480J4t6s8DwCfIHJ2dvF6Ks=",
      "license": "MIT",
      "bin": {
        "nanoid": "bin/nanoid.cjs"
      },
      "engines": {
        "node": "^10 || ^12 || ^13.7 || ^14 || >=15.0.1"
      }
    },
    "node_modules/path-parse": {
      "version": "1.0.7",
      "resolved": "https://artifactory.grammarly.io/artifactory/api/npm/common-npm/path-parse/-/path-parse-1.0.7.tgz",
      "integrity": "sha1-+8EUtgykKzDZ2vWFjkvWi77bZzU=",
      "dev": true,
      "license": "MIT"
    },
    "node_modules/picocolors": {
      "version": "1.0.0",
      "resolved": "https://artifactory.grammarly.io/artifactory/api/npm/common-npm/picocolors/-/picocolors-1.0.0.tgz",
      "integrity": "sha1-y1vcdP8/UYkiNur3nWi8RFZKuBw=",
      "license": "ISC"
    },
    "node_modules/postcss": {
      "version": "8.4.14",
      "resolved": "https://artifactory.grammarly.io/artifactory/api/npm/common-npm/postcss/-/postcss-8.4.14.tgz",
      "integrity": "sha1-7pJ01WIrSFjBAHp0125C5W/SHK8=",
      "funding": [
        {
          "type": "opencollective",
          "url": "https://opencollective.com/postcss/"
        },
        {
          "type": "tidelift",
          "url": "https://tidelift.com/funding/github/npm/postcss"
        }
      ],
      "license": "MIT",
      "dependencies": {
        "nanoid": "^3.3.4",
        "picocolors": "^1.0.0",
        "source-map-js": "^1.0.2"
      },
      "engines": {
        "node": "^10 || ^12 || >=14"
      }
    },
    "node_modules/resolve": {
      "version": "1.22.1",
      "resolved": "https://artifactory.grammarly.io/artifactory/api/npm/common-npm/resolve/-/resolve-1.22.1.tgz",
      "integrity": "sha1-J8suu1P5GrtJRwqSi7p1WAZqwXc=",
      "dev": true,
      "license": "MIT",
      "dependencies": {
        "is-core-module": "^2.9.0",
        "path-parse": "^1.0.7",
        "supports-preserve-symlinks-flag": "^1.0.0"
      },
      "bin": {
        "resolve": "bin/resolve"
      },
      "funding": {
        "url": "https://github.com/sponsors/ljharb"
      }
    },
    "node_modules/rollup": {
      "version": "2.76.0",
      "resolved": "https://artifactory.grammarly.io/artifactory/api/npm/common-npm/rollup/-/rollup-2.76.0.tgz",
      "integrity": "sha1-xp/gPbUwrFP8uVI7PKoNPAuUkaE=",
      "dev": true,
      "license": "MIT",
      "bin": {
        "rollup": "dist/bin/rollup"
      },
      "engines": {
        "node": ">=10.0.0"
      },
      "optionalDependencies": {
        "fsevents": "~2.3.2"
      }
    },
    "node_modules/source-map": {
      "version": "0.6.1",
      "resolved": "https://artifactory.grammarly.io/artifactory/api/npm/common-npm/source-map/-/source-map-0.6.1.tgz",
      "integrity": "sha1-dHIq8y6WFOnCh6jQu95IteLxomM=",
      "license": "BSD-3-Clause",
      "engines": {
        "node": ">=0.10.0"
      }
    },
    "node_modules/source-map-js": {
      "version": "1.0.2",
      "resolved": "https://artifactory.grammarly.io/artifactory/api/npm/common-npm/source-map-js/-/source-map-js-1.0.2.tgz",
      "integrity": "sha1-rbw2HZxi3zgBJefxYfccgm8eSQw=",
      "license": "BSD-3-Clause",
      "engines": {
        "node": ">=0.10.0"
      }
    },
    "node_modules/sourcemap-codec": {
      "version": "1.4.8",
      "resolved": "https://artifactory.grammarly.io/artifactory/api/npm/common-npm/sourcemap-codec/-/sourcemap-codec-1.4.8.tgz",
      "integrity": "sha1-6oBL2UhXQC5pktBaOO8a41qatMQ=",
      "license": "MIT"
    },
    "node_modules/supports-preserve-symlinks-flag": {
      "version": "1.0.0",
      "resolved": "https://artifactory.grammarly.io/artifactory/api/npm/common-npm/supports-preserve-symlinks-flag/-/supports-preserve-symlinks-flag-1.0.0.tgz",
      "integrity": "sha1-btpL00SjyUrqN21MwxvHcxEDngk=",
      "dev": true,
      "license": "MIT",
      "engines": {
        "node": ">= 0.4"
      },
      "funding": {
        "url": "https://github.com/sponsors/ljharb"
      }
    },
    "node_modules/typescript": {
      "version": "4.7.4",
      "resolved": "https://artifactory.grammarly.io/artifactory/api/npm/common-npm/typescript/-/typescript-4.7.4.tgz",
      "integrity": "sha1-GohZbRz0fVlQehvN+1ud/k1IgjU=",
      "dev": true,
      "license": "Apache-2.0",
      "bin": {
        "tsc": "bin/tsc",
        "tsserver": "bin/tsserver"
      },
      "engines": {
        "node": ">=4.2.0"
      }
    },
    "node_modules/vite": {
      "version": "3.0.0",
      "resolved": "https://artifactory.grammarly.io/artifactory/api/npm/common-npm/vite/-/vite-3.0.0.tgz",
      "integrity": "sha1-tGdcuauD7AgDuclS/6ZRm8zgM6c=",
      "dev": true,
      "license": "MIT",
      "dependencies": {
        "esbuild": "^0.14.47",
        "postcss": "^8.4.14",
        "resolve": "^1.22.1",
        "rollup": "^2.75.6"
      },
      "bin": {
        "vite": "bin/vite.js"
      },
      "engines": {
        "node": ">=14.18.0"
      },
      "optionalDependencies": {
        "fsevents": "~2.3.2"
      },
      "peerDependencies": {
        "less": "*",
        "sass": "*",
        "stylus": "*",
        "terser": "^5.4.0"
      },
      "peerDependenciesMeta": {
        "less": {
          "optional": true
        },
        "sass": {
          "optional": true
        },
        "stylus": {
          "optional": true
        },
        "terser": {
          "optional": true
        }
      }
    },
    "node_modules/vue": {
      "version": "3.2.37",
      "resolved": "https://artifactory.grammarly.io/artifactory/api/npm/common-npm/vue/-/vue-3.2.37.tgz",
      "integrity": "sha1-2iIMy2GNeFedJbBsfCFJjKTlRS4=",
      "license": "MIT",
      "dependencies": {
        "@vue/compiler-dom": "3.2.37",
        "@vue/compiler-sfc": "3.2.37",
        "@vue/runtime-dom": "3.2.37",
        "@vue/server-renderer": "3.2.37",
        "@vue/shared": "3.2.37"
      }
    },
    "node_modules/vue-tsc": {
      "version": "0.38.5",
      "resolved": "https://artifactory.grammarly.io/artifactory/api/npm/common-npm/vue-tsc/-/vue-tsc-0.38.5.tgz",
      "integrity": "sha1-qvdLsVtYrbh/HDr/d/cm11hFsWA=",
      "dev": true,
      "license": "MIT",
      "dependencies": {
        "@volar/vue-typescript": "0.38.5"
      },
      "bin": {
        "vue-tsc": "bin/vue-tsc.js"
      },
      "peerDependencies": {
        "typescript": "*"
      }
    }
  },
  "dependencies": {
    "@babel/parser": {
      "version": "7.18.8",
      "resolved": "https://artifactory.grammarly.io/artifactory/api/npm/common-npm/@babel/parser/-/parser-7.18.8.tgz",
      "integrity": "sha1-giFGCArJxi2sCCO7NIliLgvBy98="
    },
    "@vitejs/plugin-vue": {
      "version": "3.0.0",
      "resolved": "https://artifactory.grammarly.io/artifactory/api/npm/common-npm/@vitejs/plugin-vue/-/plugin-vue-3.0.0.tgz",
      "integrity": "sha1-cIHis/vgTikbuFEHuftXofpeaus=",
      "dev": true,
      "requires": {}
    },
    "@volar/code-gen": {
      "version": "0.38.5",
      "resolved": "https://artifactory.grammarly.io/artifactory/api/npm/common-npm/@volar/code-gen/-/code-gen-0.38.5.tgz",
      "integrity": "sha1-7vMvK06+z2R/oL+MJOKO4komu/M=",
      "dev": true,
      "requires": {
        "@volar/source-map": "0.38.5"
      }
    },
    "@volar/source-map": {
      "version": "0.38.5",
      "resolved": "https://artifactory.grammarly.io/artifactory/api/npm/common-npm/@volar/source-map/-/source-map-0.38.5.tgz",
      "integrity": "sha1-w8eyFU3I2UDmmBg6mVIw2c2fF2A=",
      "dev": true
    },
    "@volar/vue-code-gen": {
      "version": "0.38.5",
      "resolved": "https://artifactory.grammarly.io/artifactory/api/npm/common-npm/@volar/vue-code-gen/-/vue-code-gen-0.38.5.tgz",
      "integrity": "sha1-VwBMzIYD6HYzH3Dr9kPKBA4zZyo=",
      "dev": true,
      "requires": {
        "@volar/code-gen": "0.38.5",
        "@volar/source-map": "0.38.5",
        "@vue/compiler-core": "^3.2.37",
        "@vue/compiler-dom": "^3.2.37",
        "@vue/shared": "^3.2.37"
      }
    },
    "@volar/vue-typescript": {
      "version": "0.38.5",
      "resolved": "https://artifactory.grammarly.io/artifactory/api/npm/common-npm/@volar/vue-typescript/-/vue-typescript-0.38.5.tgz",
      "integrity": "sha1-1SvKvwL9o9ytRRwyMggWPrSVzUY=",
      "dev": true,
      "requires": {
        "@volar/code-gen": "0.38.5",
        "@volar/source-map": "0.38.5",
        "@volar/vue-code-gen": "0.38.5",
        "@vue/compiler-sfc": "^3.2.37",
        "@vue/reactivity": "^3.2.37"
      }
    },
    "@vue/compiler-core": {
      "version": "3.2.37",
      "resolved": "https://artifactory.grammarly.io/artifactory/api/npm/common-npm/@vue/compiler-core/-/compiler-core-3.2.37.tgz",
      "integrity": "sha1-s8QuBMDg8sSW/xeE5UP77+keIVo=",
      "requires": {
        "@babel/parser": "^7.16.4",
        "@vue/shared": "3.2.37",
        "estree-walker": "^2.0.2",
        "source-map": "^0.6.1"
      }
    },
    "@vue/compiler-dom": {
      "version": "3.2.37",
      "resolved": "https://artifactory.grammarly.io/artifactory/api/npm/common-npm/@vue/compiler-dom/-/compiler-dom-3.2.37.tgz",
      "integrity": "sha1-ENJCeniefHB8hy2p1njIKgxlgrU=",
      "requires": {
        "@vue/compiler-core": "3.2.37",
        "@vue/shared": "3.2.37"
      }
    },
    "@vue/compiler-sfc": {
      "version": "3.2.37",
      "resolved": "https://artifactory.grammarly.io/artifactory/api/npm/common-npm/@vue/compiler-sfc/-/compiler-sfc-3.2.37.tgz",
      "integrity": "sha1-MQOvPaL0AobtzYXqSV3LNbx/X/Q=",
      "requires": {
        "@babel/parser": "^7.16.4",
        "@vue/compiler-core": "3.2.37",
        "@vue/compiler-dom": "3.2.37",
        "@vue/compiler-ssr": "3.2.37",
        "@vue/reactivity-transform": "3.2.37",
        "@vue/shared": "3.2.37",
        "estree-walker": "^2.0.2",
        "magic-string": "^0.25.7",
        "postcss": "^8.1.10",
        "source-map": "^0.6.1"
      }
    },
    "@vue/compiler-ssr": {
      "version": "3.2.37",
      "resolved": "https://artifactory.grammarly.io/artifactory/api/npm/common-npm/@vue/compiler-ssr/-/compiler-ssr-3.2.37.tgz",
      "integrity": "sha1-SJnRnzpfr9YVJKnRrujrBQUxPP8=",
      "requires": {
        "@vue/compiler-dom": "3.2.37",
        "@vue/shared": "3.2.37"
      }
    },
    "@vue/reactivity": {
      "version": "3.2.37",
      "resolved": "https://artifactory.grammarly.io/artifactory/api/npm/common-npm/@vue/reactivity/-/reactivity-3.2.37.tgz",
      "integrity": "sha1-W8OEesWIKOK3hSbgghngoQifiEg=",
      "requires": {
        "@vue/shared": "3.2.37"
      }
    },
    "@vue/reactivity-transform": {
      "version": "3.2.37",
      "resolved": "https://artifactory.grammarly.io/artifactory/api/npm/common-npm/@vue/reactivity-transform/-/reactivity-transform-3.2.37.tgz",
      "integrity": "sha1-DKpHxDRN9K5Z9aBd3iqHWIKfjso=",
      "requires": {
        "@babel/parser": "^7.16.4",
        "@vue/compiler-core": "3.2.37",
        "@vue/shared": "3.2.37",
        "estree-walker": "^2.0.2",
        "magic-string": "^0.25.7"
      }
    },
    "@vue/runtime-core": {
      "version": "3.2.37",
      "resolved": "https://artifactory.grammarly.io/artifactory/api/npm/common-npm/@vue/runtime-core/-/runtime-core-3.2.37.tgz",
      "integrity": "sha1-e6fFS7VuXXDt/C8Fdm4cqFGZZuM=",
      "requires": {
        "@vue/reactivity": "3.2.37",
        "@vue/shared": "3.2.37"
      }
    },
    "@vue/runtime-dom": {
      "version": "3.2.37",
      "resolved": "https://artifactory.grammarly.io/artifactory/api/npm/common-npm/@vue/runtime-dom/-/runtime-dom-3.2.37.tgz",
      "integrity": "sha1-ACvcgij6Y5STF3Vvseks3T+fS70=",
      "requires": {
        "@vue/runtime-core": "3.2.37",
        "@vue/shared": "3.2.37",
        "csstype": "^2.6.8"
      }
    },
    "@vue/server-renderer": {
      "version": "3.2.37",
      "resolved": "https://artifactory.grammarly.io/artifactory/api/npm/common-npm/@vue/server-renderer/-/server-renderer-3.2.37.tgz",
      "integrity": "sha1-hAopyNzCm93ZtfX/oiuVwOcq/fw=",
      "requires": {
        "@vue/compiler-ssr": "3.2.37",
        "@vue/shared": "3.2.37"
      }
    },
    "@vue/shared": {
      "version": "3.2.37",
      "resolved": "https://artifactory.grammarly.io/artifactory/api/npm/common-npm/@vue/shared/-/shared-3.2.37.tgz",
      "integrity": "sha1-jmrcPydZr1Lw6Fhj37C3EezFxwI="
    },
    "csstype": {
      "version": "2.6.20",
      "resolved": "https://artifactory.grammarly.io/artifactory/api/npm/common-npm/csstype/-/csstype-2.6.20.tgz",
      "integrity": "sha1-kinGXqCyYM9NPZl8sGKI42qNbdo="
    },
    "esbuild": {
      "version": "0.14.49",
      "resolved": "https://artifactory.grammarly.io/artifactory/api/npm/common-npm/esbuild/-/esbuild-0.14.49.tgz",
      "integrity": "sha1-uCg0dg66LdwXtE8Fz8wKrKK65JI=",
      "dev": true,
      "requires": {
        "esbuild-android-64": "0.14.49",
        "esbuild-android-arm64": "0.14.49",
        "esbuild-darwin-64": "0.14.49",
        "esbuild-darwin-arm64": "0.14.49",
        "esbuild-freebsd-64": "0.14.49",
        "esbuild-freebsd-arm64": "0.14.49",
        "esbuild-linux-32": "0.14.49",
        "esbuild-linux-64": "0.14.49",
        "esbuild-linux-arm": "0.14.49",
        "esbuild-linux-arm64": "0.14.49",
        "esbuild-linux-mips64le": "0.14.49",
        "esbuild-linux-ppc64le": "0.14.49",
        "esbuild-linux-riscv64": "0.14.49",
        "esbuild-linux-s390x": "0.14.49",
        "esbuild-netbsd-64": "0.14.49",
        "esbuild-openbsd-64": "0.14.49",
        "esbuild-sunos-64": "0.14.49",
        "esbuild-windows-32": "0.14.49",
        "esbuild-windows-64": "0.14.49",
        "esbuild-windows-arm64": "0.14.49"
      }
    },
    "esbuild-android-64": {
      "version": "0.14.49",
      "resolved": "https://artifactory.grammarly.io/artifactory/api/npm/common-npm/esbuild-android-64/-/esbuild-android-64-0.14.49.tgz",
      "integrity": "sha1-nkaCw23Pbntxtz0qNyOpbg/cUFQ=",
      "dev": true,
      "optional": true
    },
    "esbuild-android-arm64": {
      "version": "0.14.49",
      "resolved": "https://artifactory.grammarly.io/artifactory/api/npm/common-npm/esbuild-android-arm64/-/esbuild-android-arm64-0.14.49.tgz",
      "integrity": "sha1-mGGx9+V9HdHyPu72GYVhxfNLUfY=",
      "dev": true,
      "optional": true
    },
    "esbuild-darwin-64": {
      "version": "0.14.49",
      "resolved": "https://artifactory.grammarly.io/artifactory/api/npm/common-npm/esbuild-darwin-64/-/esbuild-darwin-64-0.14.49.tgz",
      "integrity": "sha1-/TCl6+KHBKOhFxJsYPmAlsBnyNE=",
      "dev": true,
      "optional": true
    },
    "esbuild-darwin-arm64": {
      "version": "0.14.49",
      "resolved": "https://artifactory.grammarly.io/artifactory/api/npm/common-npm/esbuild-darwin-arm64/-/esbuild-darwin-arm64-0.14.49.tgz",
      "integrity": "sha1-wEo6V9rZSpcsZqaXpoolqiWUf0E=",
      "dev": true,
      "optional": true
    },
    "esbuild-freebsd-64": {
      "version": "0.14.49",
      "resolved": "https://artifactory.grammarly.io/artifactory/api/npm/common-npm/esbuild-freebsd-64/-/esbuild-freebsd-64-0.14.49.tgz",
      "integrity": "sha1-xATb1myYRROVse7w+ji3MDCnvoI=",
      "dev": true,
      "optional": true
    },
    "esbuild-freebsd-arm64": {
      "version": "0.14.49",
      "resolved": "https://artifactory.grammarly.io/artifactory/api/npm/common-npm/esbuild-freebsd-arm64/-/esbuild-freebsd-arm64-0.14.49.tgz",
      "integrity": "sha1-tizslhOOvFk3JAzj4bl5ApY+p0o=",
      "dev": true,
      "optional": true
    },
    "esbuild-linux-32": {
      "version": "0.14.49",
      "resolved": "https://artifactory.grammarly.io/artifactory/api/npm/common-npm/esbuild-linux-32/-/esbuild-linux-32-0.14.49.tgz",
      "integrity": "sha1-SVscwBG4xk2LuvZVCcHnE1653b8=",
      "dev": true,
      "optional": true
    },
    "esbuild-linux-64": {
      "version": "0.14.49",
      "resolved": "https://artifactory.grammarly.io/artifactory/api/npm/common-npm/esbuild-linux-64/-/esbuild-linux-64-0.14.49.tgz",
      "integrity": "sha1-Pyjdj5hub/QvOIiO5DWpsfuRalY=",
      "dev": true,
      "optional": true
    },
    "esbuild-linux-arm": {
      "version": "0.14.49",
      "resolved": "https://artifactory.grammarly.io/artifactory/api/npm/common-npm/esbuild-linux-arm/-/esbuild-linux-arm-0.14.49.tgz",
      "integrity": "sha1-fDPQWmTsVAz3R0g0rapXsxZ7vpc=",
      "dev": true,
      "optional": true
    },
    "esbuild-linux-arm64": {
      "version": "0.14.49",
      "resolved": "https://artifactory.grammarly.io/artifactory/api/npm/common-npm/esbuild-linux-arm64/-/esbuild-linux-arm64-0.14.49.tgz",
      "integrity": "sha1-pS6ZrjAkZWbcXzPoNapsqY73DjM=",
      "dev": true,
      "optional": true
    },
    "esbuild-linux-mips64le": {
      "version": "0.14.49",
      "resolved": "https://artifactory.grammarly.io/artifactory/api/npm/common-npm/esbuild-linux-mips64le/-/esbuild-linux-mips64le-0.14.49.tgz",
      "integrity": "sha1-7QYr2ES1h75klEODHrhLowRoXyU=",
      "dev": true,
      "optional": true
    },
    "esbuild-linux-ppc64le": {
      "version": "0.14.49",
      "resolved": "https://artifactory.grammarly.io/artifactory/api/npm/common-npm/esbuild-linux-ppc64le/-/esbuild-linux-ppc64le-0.14.49.tgz",
      "integrity": "sha1-wHhvtb3f/ZDBCiB4GBUTy68HeVg=",
      "dev": true,
      "optional": true
    },
    "esbuild-linux-riscv64": {
      "version": "0.14.49",
      "resolved": "https://artifactory.grammarly.io/artifactory/api/npm/common-npm/esbuild-linux-riscv64/-/esbuild-linux-riscv64-0.14.49.tgz",
      "integrity": "sha1-V5sOfMb85L/GmOmRpSUDu2Fr7Ek=",
      "dev": true,
      "optional": true
    },
    "esbuild-linux-s390x": {
      "version": "0.14.49",
      "resolved": "https://artifactory.grammarly.io/artifactory/api/npm/common-npm/esbuild-linux-s390x/-/esbuild-linux-s390x-0.14.49.tgz",
      "integrity": "sha1-CesVx1PiSaUAtOKNB8Xu91JKl0A=",
      "dev": true,
      "optional": true
    },
    "esbuild-netbsd-64": {
      "version": "0.14.49",
      "resolved": "https://artifactory.grammarly.io/artifactory/api/npm/common-npm/esbuild-netbsd-64/-/esbuild-netbsd-64-0.14.49.tgz",
      "integrity": "sha1-9zN80r3bfMnRANGRVvNsnKEXtY0=",
      "dev": true,
      "optional": true
    },
    "esbuild-openbsd-64": {
      "version": "0.14.49",
      "resolved": "https://artifactory.grammarly.io/artifactory/api/npm/common-npm/esbuild-openbsd-64/-/esbuild-openbsd-64-0.14.49.tgz",
      "integrity": "sha1-H4vcSfikQ5bnOVCj+2s5goVjYx0=",
      "dev": true,
      "optional": true
    },
    "esbuild-sunos-64": {
      "version": "0.14.49",
      "resolved": "https://artifactory.grammarly.io/artifactory/api/npm/common-npm/esbuild-sunos-64/-/esbuild-sunos-64-0.14.49.tgz",
      "integrity": "sha1-R9BCc5NlthqoymQq22lTSo7vn3o=",
      "dev": true,
      "optional": true
    },
    "esbuild-windows-32": {
      "version": "0.14.49",
      "resolved": "https://artifactory.grammarly.io/artifactory/api/npm/common-npm/esbuild-windows-32/-/esbuild-windows-32-0.14.49.tgz",
      "integrity": "sha1-eRmMiOyb3hY8GKa0MMNOqwmOwho=",
      "dev": true,
      "optional": true
    },
    "esbuild-windows-64": {
      "version": "0.14.49",
      "resolved": "https://artifactory.grammarly.io/artifactory/api/npm/common-npm/esbuild-windows-64/-/esbuild-windows-64-0.14.49.tgz",
      "integrity": "sha1-s2sjDRjR7lQAjgiBTEeZx4BujHk=",
      "dev": true,
      "optional": true
    },
    "esbuild-windows-arm64": {
      "version": "0.14.49",
      "resolved": "https://artifactory.grammarly.io/artifactory/api/npm/common-npm/esbuild-windows-arm64/-/esbuild-windows-arm64-0.14.49.tgz",
      "integrity": "sha1-2DwD/2Q2yvMmI0fPp+FrCoBJ+uc=",
      "dev": true,
      "optional": true
    },
    "estree-walker": {
      "version": "2.0.2",
      "resolved": "https://artifactory.grammarly.io/artifactory/api/npm/common-npm/estree-walker/-/estree-walker-2.0.2.tgz",
      "integrity": "sha1-UvAQF4wqTBF6d1fP6UKtt9LaTKw="
    },
    "fsevents": {
      "version": "2.3.2",
      "resolved": "https://artifactory.grammarly.io/artifactory/api/npm/common-npm/fsevents/-/fsevents-2.3.2.tgz",
      "integrity": "sha1-ilJveLj99GI7cJ4Ll1xSwkwC/Ro=",
      "dev": true,
      "optional": true
    },
    "function-bind": {
      "version": "1.1.1",
      "resolved": "https://artifactory.grammarly.io/artifactory/api/npm/common-npm/function-bind/-/function-bind-1.1.1.tgz",
      "integrity": "sha1-pWiZ0+o8m6uHS7l3O3xe3pL0iV0=",
      "dev": true
    },
    "has": {
      "version": "1.0.3",
      "resolved": "https://artifactory.grammarly.io/artifactory/api/npm/common-npm/has/-/has-1.0.3.tgz",
      "integrity": "sha1-ci18v8H2qoJB8W3YFOAR4fQeh5Y=",
      "dev": true,
      "requires": {
        "function-bind": "^1.1.1"
      }
    },
    "is-core-module": {
      "version": "2.9.0",
      "resolved": "https://artifactory.grammarly.io/artifactory/api/npm/common-npm/is-core-module/-/is-core-module-2.9.0.tgz",
      "integrity": "sha1-4cNEKc1Rxt2eCeB5njluJ7GanGk=",
      "dev": true,
      "requires": {
        "has": "^1.0.3"
      }
    },
    "magic-string": {
      "version": "0.25.9",
      "resolved": "https://artifactory.grammarly.io/artifactory/api/npm/common-npm/magic-string/-/magic-string-0.25.9.tgz",
      "integrity": "sha1-3n+fr5HvihyR0CwuUxTIJ3283Rw=",
      "requires": {
        "sourcemap-codec": "^1.4.8"
      }
    },
    "nanoid": {
      "version": "3.3.4",
      "resolved": "https://artifactory.grammarly.io/artifactory/api/npm/common-npm/nanoid/-/nanoid-3.3.4.tgz",
      "integrity": "sha1-cwtn480J4t6s8DwCfIHJ2dvF6Ks="
    },
    "path-parse": {
      "version": "1.0.7",
      "resolved": "https://artifactory.grammarly.io/artifactory/api/npm/common-npm/path-parse/-/path-parse-1.0.7.tgz",
      "integrity": "sha1-+8EUtgykKzDZ2vWFjkvWi77bZzU=",
      "dev": true
    },
    "picocolors": {
      "version": "1.0.0",
      "resolved": "https://artifactory.grammarly.io/artifactory/api/npm/common-npm/picocolors/-/picocolors-1.0.0.tgz",
      "integrity": "sha1-y1vcdP8/UYkiNur3nWi8RFZKuBw="
    },
    "postcss": {
      "version": "8.4.14",
      "resolved": "https://artifactory.grammarly.io/artifactory/api/npm/common-npm/postcss/-/postcss-8.4.14.tgz",
      "integrity": "sha1-7pJ01WIrSFjBAHp0125C5W/SHK8=",
      "requires": {
        "nanoid": "^3.3.4",
        "picocolors": "^1.0.0",
        "source-map-js": "^1.0.2"
      }
    },
    "resolve": {
      "version": "1.22.1",
      "resolved": "https://artifactory.grammarly.io/artifactory/api/npm/common-npm/resolve/-/resolve-1.22.1.tgz",
      "integrity": "sha1-J8suu1P5GrtJRwqSi7p1WAZqwXc=",
      "dev": true,
      "requires": {
        "is-core-module": "^2.9.0",
        "path-parse": "^1.0.7",
        "supports-preserve-symlinks-flag": "^1.0.0"
      }
    },
    "rollup": {
      "version": "2.76.0",
      "resolved": "https://artifactory.grammarly.io/artifactory/api/npm/common-npm/rollup/-/rollup-2.76.0.tgz",
      "integrity": "sha1-xp/gPbUwrFP8uVI7PKoNPAuUkaE=",
      "dev": true,
      "requires": {
        "fsevents": "~2.3.2"
      }
    },
    "source-map": {
      "version": "0.6.1",
      "resolved": "https://artifactory.grammarly.io/artifactory/api/npm/common-npm/source-map/-/source-map-0.6.1.tgz",
      "integrity": "sha1-dHIq8y6WFOnCh6jQu95IteLxomM="
    },
    "source-map-js": {
      "version": "1.0.2",
      "resolved": "https://artifactory.grammarly.io/artifactory/api/npm/common-npm/source-map-js/-/source-map-js-1.0.2.tgz",
      "integrity": "sha1-rbw2HZxi3zgBJefxYfccgm8eSQw="
    },
    "sourcemap-codec": {
      "version": "1.4.8",
      "resolved": "https://artifactory.grammarly.io/artifactory/api/npm/common-npm/sourcemap-codec/-/sourcemap-codec-1.4.8.tgz",
      "integrity": "sha1-6oBL2UhXQC5pktBaOO8a41qatMQ="
    },
    "supports-preserve-symlinks-flag": {
      "version": "1.0.0",
      "resolved": "https://artifactory.grammarly.io/artifactory/api/npm/common-npm/supports-preserve-symlinks-flag/-/supports-preserve-symlinks-flag-1.0.0.tgz",
      "integrity": "sha1-btpL00SjyUrqN21MwxvHcxEDngk=",
      "dev": true
    },
    "typescript": {
      "version": "4.7.4",
      "resolved": "https://artifactory.grammarly.io/artifactory/api/npm/common-npm/typescript/-/typescript-4.7.4.tgz",
      "integrity": "sha1-GohZbRz0fVlQehvN+1ud/k1IgjU=",
      "dev": true
    },
    "vite": {
      "version": "3.0.0",
      "resolved": "https://artifactory.grammarly.io/artifactory/api/npm/common-npm/vite/-/vite-3.0.0.tgz",
      "integrity": "sha1-tGdcuauD7AgDuclS/6ZRm8zgM6c=",
      "dev": true,
      "requires": {
        "esbuild": "^0.14.47",
        "fsevents": "~2.3.2",
        "postcss": "^8.4.14",
        "resolve": "^1.22.1",
        "rollup": "^2.75.6"
      }
    },
    "vue": {
      "version": "3.2.37",
      "resolved": "https://artifactory.grammarly.io/artifactory/api/npm/common-npm/vue/-/vue-3.2.37.tgz",
      "integrity": "sha1-2iIMy2GNeFedJbBsfCFJjKTlRS4=",
      "requires": {
        "@vue/compiler-dom": "3.2.37",
        "@vue/compiler-sfc": "3.2.37",
        "@vue/runtime-dom": "3.2.37",
        "@vue/server-renderer": "3.2.37",
        "@vue/shared": "3.2.37"
      }
    },
    "vue-tsc": {
      "version": "0.38.5",
      "resolved": "https://artifactory.grammarly.io/artifactory/api/npm/common-npm/vue-tsc/-/vue-tsc-0.38.5.tgz",
      "integrity": "sha1-qvdLsVtYrbh/HDr/d/cm11hFsWA=",
      "dev": true,
      "requires": {
        "@volar/vue-typescript": "0.38.5"
      }
    }
  }
}
